// !$*UTF8*$!
{
	archiveVersion = 1;
	classes = {
	};
	objectVersion = 77;
	objects = {

/* Begin PBXBuildFile section */
		F40B9F582FB1C94B00FA6B3A /* WhisperKit in Frameworks */ = {isa = PBXBuildFile; productRef = F40B9F572FB1C94B00FA6B3A /* WhisperKit */; };
		F40B9F5B2FB1DC4E00FA6B3A /* MLXLLM in Frameworks */ = {isa = PBXBuildFile; productRef = F40B9F5A2FB1DC4E00FA6B3A /* MLXLLM */; };
		F40B9F5D2FB1DC4E00FA6B3A /* MLXLMCommon in Frameworks */ = {isa = PBXBuildFile; productRef = F40B9F5C2FB1DC4E00FA6B3A /* MLXLMCommon */; };
		F40B9F602FB1DE2100FA6B3A /* MLXHuggingFace in Frameworks */ = {isa = PBXBuildFile; productRef = F40B9F5F2FB1DE2100FA6B3A /* MLXHuggingFace */; };
		F40B9F632FB1DE5500FA6B3A /* HuggingFace in Frameworks */ = {isa = PBXBuildFile; productRef = F40B9F622FB1DE5500FA6B3A /* HuggingFace */; };
		F40B9F662FB1DE8A00FA6B3A /* Tokenizers in Frameworks */ = {isa = PBXBuildFile; productRef = F40B9F652FB1DE8A00FA6B3A /* Tokenizers */; };
		F40B9F712FB1DC4E00FA6B3A /* MLXEmbedders in Frameworks */ = {isa = PBXBuildFile; productRef = F40B9F702FB1DC4E00FA6B3A /* MLXEmbedders */; };
		F40B9F722FB1DC4E00FA6B3A /* MLXVLM in Frameworks */ = {isa = PBXBuildFile; productRef = F40B9F732FB1DC4E00FA6B3A /* MLXVLM */; };
		F40B9F742FB1DC4E00FA6B3A /* MLXLMCommon in Frameworks (Tests) */ = {isa = PBXBuildFile; productRef = F40B9F752FB1DC4E00FA6B3A /* MLXLMCommon (Tests) */; };
/* End PBXBuildFile section */

/* Begin PBXContainerItemProxy section */
		F40B9EDF2FB1BCB600FA6B3A /* PBXContainerItemProxy */ = {
			isa = PBXContainerItemProxy;
			containerPortal = F40B9EC72FB1BCB500FA6B3A /* Project object */;
			proxyType = 1;
			remoteGlobalIDString = F40B9ECE2FB1BCB500FA6B3A;
			remoteInfo = Begleiter;
		};
		F40B9EE92FB1BCB600FA6B3A /* PBXContainerItemProxy */ = {
			isa = PBXContainerItemProxy;
			containerPortal = F40B9EC72FB1BCB500FA6B3A /* Project object */;
			proxyType = 1;
			remoteGlobalIDString = F40B9ECE2FB1BCB500FA6B3A;
			remoteInfo = Begleiter;
		};
/* End PBXContainerItemProxy section */

/* Begin PBXFileReference section */
		F40B9ECF2FB1BCB500FA6B3A /* Begleiter.app */ = {isa = PBXFileReference; explicitFileType = wrapper.application; includeInIndex = 0; path = Begleiter.app; sourceTree = BUILT_PRODUCTS_DIR; };
		F40B9EDE2FB1BCB600FA6B3A /* BegleiterTests.xctest */ = {isa = PBXFileReference; explicitFileType = wrapper.cfbundle; includeInIndex = 0; path = BegleiterTests.xctest; sourceTree = BUILT_PRODUCTS_DIR; };
		F40B9EE82FB1BCB600FA6B3A /* BegleiterUITests.xctest */ = {isa = PBXFileReference; explicitFileType = wrapper.cfbundle; includeInIndex = 0; path = BegleiterUITests.xctest; sourceTree = BUILT_PRODUCTS_DIR; };
/* End PBXFileReference section */

/* Begin PBXFileSystemSynchronizedRootGroup section */
		F40B9ED12FB1BCB500FA6B3A /* Begleiter */ = {
			isa = PBXFileSystemSynchronizedRootGroup;
			path = Begleiter;
			sourceTree = "<group>";
		};
		F40B9EE12FB1BCB600FA6B3A /* BegleiterTests */ = {
			isa = PBXFileSystemSynchronizedRootGroup;
			path = BegleiterTests;
			sourceTree = "<group>";
		};
		F40B9EEB2FB1BCB600FA6B3A /* BegleiterUITests */ = {
			isa = PBXFileSystemSynchronizedRootGroup;
			path = BegleiterUITests;
			sourceTree = "<group>";
		};
/* End PBXFileSystemSynchronizedRootGroup section */

/* Begin PBXFrameworksBuildPhase section */
		F40B9ECC2FB1BCB500FA6B3A /* Frameworks */ = {
			isa = PBXFrameworksBuildPhase;
			buildActionMask = 2147483647;
			files = (
				F40B9F5B2FB1DC4E00FA6B3A /* MLXLLM in Frameworks */,
				F40B9F5D2FB1DC4E00FA6B3A /* MLXLMCommon in Frameworks */,
				F40B9F662FB1DE8A00FA6B3A /* Tokenizers in Frameworks */,
				F40B9F632FB1DE5500FA6B3A /* HuggingFace in Frameworks */,
				F40B9F582FB1C94B00FA6B3A /* WhisperKit in Frameworks */,
				F40B9F602FB1DE2100FA6B3A /* MLXHuggingFace in Frameworks */,
				F40B9F712FB1DC4E00FA6B3A /* MLXEmbedders in Frameworks */,
				F40B9F722FB1DC4E00FA6B3A /* MLXVLM in Frameworks */,
			);
			runOnlyForDeploymentPostprocessing = 0;
		};
		F40B9EDB2FB1BCB600FA6B3A /* Frameworks */ = {
			isa = PBXFrameworksBuildPhase;
			buildActionMask = 2147483647;
			files = (
				F40B9F742FB1DC4E00FA6B3A /* MLXLMCommon in Frameworks (Tests) */,
			);
			runOnlyForDeploymentPostprocessing = 0;
		};
		F40B9EE52FB1BCB600FA6B3A /* Frameworks */ = {
			isa = PBXFrameworksBuildPhase;
			buildActionMask = 2147483647;
			files = (
			);
			runOnlyForDeploymentPostprocessing = 0;
		};
/* End PBXFrameworksBuildPhase section */

/* Begin PBXGroup section */
		F40B9EC62FB1BCB500FA6B3A = {
			isa = PBXGroup;
			children = (
				F40B9ED12FB1BCB500FA6B3A /* Begleiter */,
				F40B9EE12FB1BCB600FA6B3A /* BegleiterTests */,
				F40B9EEB2FB1BCB600FA6B3A /* BegleiterUITests */,
				F40B9F5E2FB1DE2100FA6B3A /* Frameworks */,
				F40B9ED02FB1BCB500FA6B3A /* Products */,
			);
			sourceTree = "<group>";
		};
		F40B9ED02FB1BCB500FA6B3A /* Products */ = {
			isa = PBXGroup;
			children = (
				F40B9ECF2FB1BCB500FA6B3A /* Begleiter.app */,
				F40B9EDE2FB1BCB600FA6B3A /* BegleiterTests.xctest */,
				F40B9EE82FB1BCB600FA6B3A /* BegleiterUITests.xctest */,
			);
			name = Products;
			sourceTree = "<group>";
		};
		F40B9F5E2FB1DE2100FA6B3A /* Frameworks */ = {
			isa = PBXGroup;
			children = (
			);
			name = Frameworks;
			sourceTree = "<group>";
		};
/* End PBXGroup section */

/* Begin PBXNativeTarget section */
		F40B9ECE2FB1BCB500FA6B3A /* Begleiter */ = {
			isa = PBXNativeTarget;
			buildConfigurationList = F40B9EF22FB1BCB600FA6B3A /* Build configuration list for PBXNativeTarget "Begleiter" */;
			buildPhases = (
				F40B9ECB2FB1BCB500FA6B3A /* Sources */,
				F40B9ECC2FB1BCB500FA6B3A /* Frameworks */,
				F40B9ECD2FB1BCB500FA6B3A /* Resources */,
			);
			buildRules = (
			);
			dependencies = (
			);
			fileSystemSynchronizedGroups = (
				F40B9ED12FB1BCB500FA6B3A /* Begleiter */,
			);
			name = Begleiter;
			packageProductDependencies = (
				F40B9F572FB1C94B00FA6B3A /* WhisperKit */,
				F40B9F5A2FB1DC4E00FA6B3A /* MLXLLM */,
				F40B9F5C2FB1DC4E00FA6B3A /* MLXLMCommon */,
				F40B9F5F2FB1DE2100FA6B3A /* MLXHuggingFace */,
				F40B9F622FB1DE5500FA6B3A /* HuggingFace */,
				F40B9F652FB1DE8A00FA6B3A /* Tokenizers */,
				F40B9F702FB1DC4E00FA6B3A /* MLXEmbedders */,
				F40B9F732FB1DC4E00FA6B3A /* MLXVLM */,
			);
			productName = Begleiter;
			productReference = F40B9ECF2FB1BCB500FA6B3A /* Begleiter.app */;
			productType = "com.apple.product-type.application";
		};
		F40B9EDD2FB1BCB600FA6B3A /* BegleiterTests */ = {
			isa = PBXNativeTarget;
			buildConfigurationList = F40B9EF52FB1BCB600FA6B3A /* Build configuration list for PBXNativeTarget "BegleiterTests" */;
			buildPhases = (
				F40B9EDA2FB1BCB600FA6B3A /* Sources */,
				F40B9EDB2FB1BCB600FA6B3A /* Frameworks */,
				F40B9EDC2FB1BCB600FA6B3A /* Resources */,
			);
			buildRules = (
			);
			dependencies = (
				F40B9EE02FB1BCB600FA6B3A /* PBXTargetDependency */,
			);
			fileSystemSynchronizedGroups = (
				F40B9EE12FB1BCB600FA6B3A /* BegleiterTests */,
			);
			name = BegleiterTests;
			packageProductDependencies = (
				F40B9F752FB1DC4E00FA6B3A /* MLXLMCommon (Tests) */,
			);
			productName = BegleiterTests;
			productReference = F40B9EDE2FB1BCB600FA6B3A /* BegleiterTests.xctest */;
			productType = "com.apple.product-type.bundle.unit-test";
		};
		F40B9EE72FB1BCB600FA6B3A /* BegleiterUITests */ = {
			isa = PBXNativeTarget;
			buildConfigurationList = F40B9EF82FB1BCB600FA6B3A /* Build configuration list for PBXNativeTarget "BegleiterUITests" */;
			buildPhases = (
				F40B9EE42FB1BCB600FA6B3A /* Sources */,
				F40B9EE52FB1BCB600FA6B3A /* Frameworks */,
				F40B9EE62FB1BCB600FA6B3A /* Resources */,
			);
			buildRules = (
			);
			dependencies = (
				F40B9EEA2FB1BCB600FA6B3A /* PBXTargetDependency */,
			);
			fileSystemSynchronizedGroups = (
				F40B9EEB2FB1BCB600FA6B3A /* BegleiterUITests */,
			);
			name = BegleiterUITests;
			packageProductDependencies = (
			);
			productName = BegleiterUITests;
			productReference = F40B9EE82FB1BCB600FA6B3A /* BegleiterUITests.xctest */;
			productType = "com.apple.product-type.bundle.ui-testing";
		};
/* End PBXNativeTarget section */

/* Begin PBXProject section */
		F40B9EC72FB1BCB500FA6B3A /* Project object */ = {
			isa = PBXProject;
			attributes = {
				BuildIndependentTargetsInParallel = 1;
				LastSwiftUpdateCheck = 2640;
				LastUpgradeCheck = 2640;
				TargetAttributes = {
					F40B9ECE2FB1BCB500FA6B3A = {
						CreatedOnToolsVersion = 26.4.1;
					};
					F40B9EDD2FB1BCB600FA6B3A = {
						CreatedOnToolsVersion = 26.4.1;
						TestTargetID = F40B9ECE2FB1BCB500FA6B3A;
					};
					F40B9EE72FB1BCB600FA6B3A = {
						CreatedOnToolsVersion = 26.4.1;
						TestTargetID = F40B9ECE2FB1BCB500FA6B3A;
					};
				};
			};
			buildConfigurationList = F40B9ECA2FB1BCB500FA6B3A /* Build configuration list for PBXProject "Begleiter" */;
			developmentRegion = en;
			hasScannedForEncodings = 0;
			knownRegions = (
				en,
				Base,
				de,
			);
			mainGroup = F40B9EC62FB1BCB500FA6B3A;
			minimizedProjectReferenceProxies = 1;
			packageReferences = (
				F40B9F562FB1C94B00FA6B3A /* XCRemoteSwiftPackageReference "WhisperKit" */,
				F40B9F592FB1DC4E00FA6B3A /* XCRemoteSwiftPackageReference "mlx-swift-lm" */,
				F40B9F612FB1DE5500FA6B3A /* XCRemoteSwiftPackageReference "swift-huggingface" */,
				F40B9F642FB1DE8A00FA6B3A /* XCRemoteSwiftPackageReference "swift-transformers" */,
			);
			preferredProjectObjectVersion = 77;
			productRefGroup = F40B9ED02FB1BCB500FA6B3A /* Products */;
			projectDirPath = "";
			projectRoot = "";
			targets = (
				F40B9ECE2FB1BCB500FA6B3A /* Begleiter */,
				F40B9EDD2FB1BCB600FA6B3A /* BegleiterTests */,
				F40B9EE72FB1BCB600FA6B3A /* BegleiterUITests */,
			);
		};
/* End PBXProject section */

/* Begin PBXResourcesBuildPhase section */
		F40B9ECD2FB1BCB500FA6B3A /* Resources */ = {
			isa = PBXResourcesBuildPhase;
			buildActionMask = 2147483647;
			files = (
			);
			runOnlyForDeploymentPostprocessing = 0;
		};
		F40B9EDC2FB1BCB600FA6B3A /* Resources */ = {
			isa = PBXResourcesBuildPhase;
			buildActionMask = 2147483647;
			files = (
			);
			runOnlyForDeploymentPostprocessing = 0;
		};
		F40B9EE62FB1BCB600FA6B3A /* Resources */ = {
			isa = PBXResourcesBuildPhase;
			buildActionMask = 2147483647;
			files = (
			);
			runOnlyForDeploymentPostprocessing = 0;
		};
/* End PBXResourcesBuildPhase section */

/* Begin PBXSourcesBuildPhase section */
		F40B9ECB2FB1BCB500FA6B3A /* Sources */ = {
			isa = PBXSourcesBuildPhase;
			buildActionMask = 2147483647;
			files = (
			);
			runOnlyForDeploymentPostprocessing = 0;
		};
		F40B9EDA2FB1BCB600FA6B3A /* Sources */ = {
			isa = PBXSourcesBuildPhase;
			buildActionMask = 2147483647;
			files = (
			);
			runOnlyForDeploymentPostprocessing = 0;
		};
		F40B9EE42FB1BCB600FA6B3A /* Sources */ = {
			isa = PBXSourcesBuildPhase;
			buildActionMask = 2147483647;
			files = (
			);
			runOnlyForDeploymentPostprocessing = 0;
		};
/* End PBXSourcesBuildPhase section */

/* Begin PBXTargetDependency section */
		F40B9EE02FB1BCB600FA6B3A /* PBXTargetDependency */ = {
			isa = PBXTargetDependency;
			target = F40B9ECE2FB1BCB500FA6B3A /* Begleiter */;
			targetProxy = F40B9EDF2FB1BCB600FA6B3A /* PBXContainerItemProxy */;
		};
		F40B9EEA2FB1BCB600FA6B3A /* PBXTargetDependency */ = {
			isa = PBXTargetDependency;
			target = F40B9ECE2FB1BCB500FA6B3A /* Begleiter */;
			targetProxy = F40B9EE92FB1BCB600FA6B3A /* PBXContainerItemProxy */;
		};
/* End PBXTargetDependency section */

/* Begin XCBuildConfiguration section */
		F40B9EF02FB1BCB600FA6B3A /* Debug */ = {
			isa = XCBuildConfiguration;
			buildSettings = {
				ALWAYS_SEARCH_USER_PATHS = NO;
				ASSETCATALOG_COMPILER_GENERATE_SWIFT_ASSET_SYMBOL_EXTENSIONS = YES;
				CLANG_ANALYZER_LOCALIZABILITY_NONLOCALIZED = YES;
				CLANG_ANALYZER_NONNULL = YES;
				CLANG_ANALYZER_NUMBER_OBJECT_CONVERSION = YES_AGGRESSIVE;
				CLANG_CXX_LANGUAGE_STANDARD = "gnu++20";
				CLANG_ENABLE_MODULES = YES;
				CLANG_ENABLE_OBJC_ARC = YES;
				CLANG_ENABLE_OBJC_WEAK = YES;
				CLANG_WARN_BLOCK_CAPTURE_AUTORELEASING = YES;
				CLANG_WARN_BOOL_CONVERSION = YES;
				CLANG_WARN_COMMA = YES;
				CLANG_WARN_CONSTANT_CONVERSION = YES;
				CLANG_WARN_DEPRECATED_OBJC_IMPLEMENTATIONS = YES;
				CLANG_WARN_DIRECT_OBJC_ISA_USAGE = YES_ERROR;
				CLANG_WARN_DOCUMENTATION_COMMENTS = YES;
				CLANG_WARN_EMPTY_BODY = YES;
				CLANG_WARN_ENUM_CONVERSION = YES;
				CLANG_WARN_INFINITE_RECURSION = YES;
				CLANG_WARN_INT_CONVERSION = YES;
				CLANG_WARN_NON_LITERAL_NULL_CONVERSION = YES;
				CLANG_WARN_OBJC_IMPLICIT_RETAIN_SELF = YES;
				CLANG_WARN_OBJC_LITERAL_CONVERSION = YES;
				CLANG_WARN_OBJC_ROOT_CLASS = YES_ERROR;
				CLANG_WARN_QUOTED_INCLUDE_IN_FRAMEWORK_HEADER = YES;
				CLANG_WARN_RANGE_LOOP_ANALYSIS = YES;
				CLANG_WARN_STRICT_PROTOTYPES = YES;
				CLANG_WARN_SUSPICIOUS_MOVE = YES;
				CLANG_WARN_UNGUARDED_AVAILABILITY = YES_AGGRESSIVE;
				CLANG_WARN_UNREACHABLE_CODE = YES;
				CLANG_WARN__DUPLICATE_METHOD_MATCH = YES;
				COPY_PHASE_STRIP = NO;
				DEBUG_INFORMATION_FORMAT = dwarf;
				DEVELOPMENT_TEAM = SC5HX97BTL;
				ENABLE_STRICT_OBJC_MSGSEND = YES;
				ENABLE_TESTABILITY = YES;
				ENABLE_USER_SCRIPT_SANDBOXING = YES;
				GCC_C_LANGUAGE_STANDARD = gnu17;
				GCC_DYNAMIC_NO_PIC = NO;
				GCC_NO_COMMON_BLOCKS = YES;
				GCC_OPTIMIZATION_LEVEL = 0;
				GCC_PREPROCESSOR_DEFINITIONS = (
					"DEBUG=1",
					"$(inherited)",
				);
				GCC_WARN_64_TO_32_BIT_CONVERSION = YES;
				GCC_WARN_ABOUT_RETURN_TYPE = YES_ERROR;
				GCC_WARN_UNDECLARED_SELECTOR = YES;
				GCC_WARN_UNINITIALIZED_AUTOS = YES_AGGRESSIVE;
				GCC_WARN_UNUSED_FUNCTION = YES;
				GCC_WARN_UNUSED_VARIABLE = YES;
				IPHONEOS_DEPLOYMENT_TARGET = 26.4;
				LOCALIZATION_PREFERS_STRING_CATALOGS = YES;
				MTL_ENABLE_DEBUG_INFO = INCLUDE_SOURCE;
				MTL_FAST_MATH = YES;
				ONLY_ACTIVE_ARCH = YES;
				SDKROOT = iphoneos;
				STRING_CATALOG_GENERATE_SYMBOLS = YES;
				SWIFT_ACTIVE_COMPILATION_CONDITIONS = "DEBUG $(inherited)";
				SWIFT_OPTIMIZATION_LEVEL = "-Onone";
			};
			name = Debug;
		};
		F40B9EF12FB1BCB600FA6B3A /* Release */ = {
			isa = XCBuildConfiguration;
			buildSettings = {
				ALWAYS_SEARCH_USER_PATHS = NO;
				ASSETCATALOG_COMPILER_GENERATE_SWIFT_ASSET_SYMBOL_EXTENSIONS = YES;
				CLANG_ANALYZER_LOCALIZABILITY_NONLOCALIZED = YES;
				CLANG_ANALYZER_NONNULL = YES;
				CLANG_ANALYZER_NUMBER_OBJECT_CONVERSION = YES_AGGRESSIVE;
				CLANG_CXX_LANGUAGE_STANDARD = "gnu++20";
				CLANG_ENABLE_MODULES = YES;
				CLANG_ENABLE_OBJC_ARC = YES;
				CLANG_ENABLE_OBJC_WEAK = YES;
				CLANG_WARN_BLOCK_CAPTURE_AUTORELEASING = YES;
				CLANG_WARN_BOOL_CONVERSION = YES;
				CLANG_WARN_COMMA = YES;
				CLANG_WARN_CONSTANT_CONVERSION = YES;
				CLANG_WARN_DEPRECATED_OBJC_IMPLEMENTATIONS = YES;
				CLANG_WARN_DIRECT_OBJC_ISA_USAGE = YES_ERROR;
				CLANG_WARN_DOCUMENTATION_COMMENTS = YES;
				CLANG_WARN_EMPTY_BODY = YES;
				CLANG_WARN_ENUM_CONVERSION = YES;
				CLANG_WARN_INFINITE_RECURSION = YES;
				CLANG_WARN_INT_CONVERSION = YES;
				CLANG_WARN_NON_LITERAL_NULL_CONVERSION = YES;
				CLANG_WARN_OBJC_IMPLICIT_RETAIN_SELF = YES;
				CLANG_WARN_OBJC_LITERAL_CONVERSION = YES;
				CLANG_WARN_OBJC_ROOT_CLASS = YES_ERROR;
				CLANG_WARN_QUOTED_INCLUDE_IN_FRAMEWORK_HEADER = YES;
				CLANG_WARN_RANGE_LOOP_ANALYSIS = YES;
				CLANG_WARN_STRICT_PROTOTYPES = YES;
				CLANG_WARN_SUSPICIOUS_MOVE = YES;
				CLANG_WARN_UNGUARDED_AVAILABILITY = YES_AGGRESSIVE;
				CLANG_WARN_UNREACHABLE_CODE = YES;
				CLANG_WARN__DUPLICATE_METHOD_MATCH = YES;
				COPY_PHASE_STRIP = NO;
				DEBUG_INFORMATION_FORMAT = "dwarf-with-dsym";
				DEVELOPMENT_TEAM = SC5HX97BTL;
				ENABLE_NS_ASSERTIONS = NO;
				ENABLE_STRICT_OBJC_MSGSEND = YES;
				ENABLE_USER_SCRIPT_SANDBOXING = YES;
				GCC_C_LANGUAGE_STANDARD = gnu17;
				GCC_NO_COMMON_BLOCKS = YES;
				GCC_WARN_64_TO_32_BIT_CONVERSION = YES;
				GCC_WARN_ABOUT_RETURN_TYPE = YES_ERROR;
				GCC_WARN_UNDECLARED_SELECTOR = YES;
				GCC_WARN_UNINITIALIZED_AUTOS = YES_AGGRESSIVE;
				GCC_WARN_UNUSED_FUNCTION = YES;
				GCC_WARN_UNUSED_VARIABLE = YES;
				IPHONEOS_DEPLOYMENT_TARGET = 26.4;
				LOCALIZATION_PREFERS_STRING_CATALOGS = YES;
				MTL_ENABLE_DEBUG_INFO = NO;
				MTL_FAST_MATH = YES;
				SDKROOT = iphoneos;
				STRING_CATALOG_GENERATE_SYMBOLS = YES;
				SWIFT_COMPILATION_MODE = wholemodule;
				VALIDATE_PRODUCT = YES;
			};
			name = Release;
		};
		F40B9EF32FB1BCB600FA6B3A /* Debug */ = {
			isa = XCBuildConfiguration;
			buildSettings = {
				ASSETCATALOG_COMPILER_APPICON_NAME = AppIcon;
				ASSETCATALOG_COMPILER_GLOBAL_ACCENT_COLOR_NAME = AccentColor;
				CODE_SIGN_ENTITLEMENTS = Begleiter/Begleiter.entitlements;
				CODE_SIGN_STYLE = Automatic;
				CURRENT_PROJECT_VERSION = 1;
				ENABLE_PREVIEWS = YES;
				GENERATE_INFOPLIST_FILE = YES;
				INFOPLIST_KEY_NSMicrophoneUsageDescription = "Begleiter nimmt Ihre Sprachnotizen lokal auf dem Gerät auf, um sie zu transkribieren. Die Audiodaten verlassen das Gerät nicht.";
				INFOPLIST_KEY_NSSpeechRecognitionUsageDescription = "Begleiter verwendet die Spracherkennung von iOS, um Ihre Sprachnotizen lokal in Text umzuwandeln. Es werden keine Daten an Apple oder andere Server gesendet.";
				INFOPLIST_KEY_UIApplicationSceneManifest_Generation = YES;
				INFOPLIST_KEY_UIApplicationSupportsIndirectInputEvents = YES;
				INFOPLIST_KEY_UILaunchScreen_Generation = YES;
				INFOPLIST_KEY_UISupportedInterfaceOrientations_iPad = "UIInterfaceOrientationPortrait UIInterfaceOrientationPortraitUpsideDown UIInterfaceOrientationLandscapeLeft UIInterfaceOrientationLandscapeRight";
				INFOPLIST_KEY_UISupportedInterfaceOrientations_iPhone = "UIInterfaceOrientationPortrait UIInterfaceOrientationLandscapeLeft UIInterfaceOrientationLandscapeRight";
				LD_RUNPATH_SEARCH_PATHS = (
					"$(inherited)",
					"@executable_path/Frameworks",
				);
				MARKETING_VERSION = 1.0;
				PRODUCT_BUNDLE_IDENTIFIER = io.grimso.Begleiter;
				PRODUCT_NAME = "$(TARGET_NAME)";
				STRING_CATALOG_GENERATE_SYMBOLS = YES;
				SWIFT_APPROACHABLE_CONCURRENCY = YES;
				SWIFT_DEFAULT_ACTOR_ISOLATION = nonisolated;
				SWIFT_EMIT_LOC_STRINGS = YES;
				SWIFT_UPCOMING_FEATURE_MEMBER_IMPORT_VISIBILITY = YES;
				SWIFT_VERSION = 5.0;
				TARGETED_DEVICE_FAMILY = "1,2";
			};
			name = Debug;
		};
		F40B9EF42FB1BCB600FA6B3A /* Release */ = {
			isa = XCBuildConfiguration;
			buildSettings = {
				ASSETCATALOG_COMPILER_APPICON_NAME = AppIcon;
				ASSETCATALOG_COMPILER_GLOBAL_ACCENT_COLOR_NAME = AccentColor;
				CODE_SIGN_ENTITLEMENTS = Begleiter/Begleiter.entitlements;
				CODE_SIGN_STYLE = Automatic;
				CURRENT_PROJECT_VERSION = 1;
				ENABLE_PREVIEWS = YES;
				GENERATE_INFOPLIST_FILE = YES;
				INFOPLIST_KEY_NSMicrophoneUsageDescription = "Begleiter nimmt Ihre Sprachnotizen lokal auf dem Gerät auf, um sie zu transkribieren. Die Audiodaten verlassen das Gerät nicht.";
				INFOPLIST_KEY_NSSpeechRecognitionUsageDescription = "Begleiter verwendet die Spracherkennung von iOS, um Ihre Sprachnotizen lokal in Text umzuwandeln. Es werden keine Daten an Apple oder andere Server gesendet.";
				INFOPLIST_KEY_UIApplicationSceneManifest_Generation = YES;
				INFOPLIST_KEY_UIApplicationSupportsIndirectInputEvents = YES;
				INFOPLIST_KEY_UILaunchScreen_Generation = YES;
				INFOPLIST_KEY_UISupportedInterfaceOrientations_iPad = "UIInterfaceOrientationPortrait UIInterfaceOrientationPortraitUpsideDown UIInterfaceOrientationLandscapeLeft UIInterfaceOrientationLandscapeRight";
				INFOPLIST_KEY_UISupportedInterfaceOrientations_iPhone = "UIInterfaceOrientationPortrait UIInterfaceOrientationLandscapeLeft UIInterfaceOrientationLandscapeRight";
				LD_RUNPATH_SEARCH_PATHS = (
					"$(inherited)",
					"@executable_path/Frameworks",
				);
				MARKETING_VERSION = 1.0;
				PRODUCT_BUNDLE_IDENTIFIER = io.grimso.Begleiter;
				PRODUCT_NAME = "$(TARGET_NAME)";
				STRING_CATALOG_GENERATE_SYMBOLS = YES;
				SWIFT_APPROACHABLE_CONCURRENCY = YES;
				SWIFT_DEFAULT_ACTOR_ISOLATION = nonisolated;
				SWIFT_EMIT_LOC_STRINGS = YES;
				SWIFT_UPCOMING_FEATURE_MEMBER_IMPORT_VISIBILITY = YES;
				SWIFT_VERSION = 5.0;
				TARGETED_DEVICE_FAMILY = "1,2";
			};
			name = Release;
		};
		F40B9EF62FB1BCB600FA6B3A /* Debug */ = {
			isa = XCBuildConfiguration;
			buildSettings = {
				BUNDLE_LOADER = "$(TEST_HOST)";
				CODE_SIGN_STYLE = Automatic;
				CURRENT_PROJECT_VERSION = 1;
				GENERATE_INFOPLIST_FILE = YES;
				IPHONEOS_DEPLOYMENT_TARGET = 26.4;
				MARKETING_VERSION = 1.0;
				PRODUCT_BUNDLE_IDENTIFIER = io.grimso.BegleiterTests;
				PRODUCT_NAME = "$(TARGET_NAME)";
				STRING_CATALOG_GENERATE_SYMBOLS = NO;
				SWIFT_APPROACHABLE_CONCURRENCY = YES;
				SWIFT_EMIT_LOC_STRINGS = NO;
				SWIFT_UPCOMING_FEATURE_MEMBER_IMPORT_VISIBILITY = YES;
				SWIFT_VERSION = 5.0;
				TARGETED_DEVICE_FAMILY = "1,2";
				TEST_HOST = "$(BUILT_PRODUCTS_DIR)/Begleiter.app/$(BUNDLE_EXECUTABLE_FOLDER_PATH)/Begleiter";
			};
			name = Debug;
		};
		F40B9EF72FB1BCB600FA6B3A /* Release */ = {
			isa = XCBuildConfiguration;
			buildSettings = {
				BUNDLE_LOADER = "$(TEST_HOST)";
				CODE_SIGN_STYLE = Automatic;
				CURRENT_PROJECT_VERSION = 1;
				GENERATE_INFOPLIST_FILE = YES;
				IPHONEOS_DEPLOYMENT_TARGET = 26.4;
				MARKETING_VERSION = 1.0;
				PRODUCT_BUNDLE_IDENTIFIER = io.grimso.BegleiterTests;
				PRODUCT_NAME = "$(TARGET_NAME)";
				STRING_CATALOG_GENERATE_SYMBOLS = NO;
				SWIFT_APPROACHABLE_CONCURRENCY = YES;
				SWIFT_EMIT_LOC_STRINGS = NO;
				SWIFT_UPCOMING_FEATURE_MEMBER_IMPORT_VISIBILITY = YES;
				SWIFT_VERSION = 5.0;
				TARGETED_DEVICE_FAMILY = "1,2";
				TEST_HOST = "$(BUILT_PRODUCTS_DIR)/Begleiter.app/$(BUNDLE_EXECUTABLE_FOLDER_PATH)/Begleiter";
			};
			name = Release;
		};
		F40B9EF92FB1BCB600FA6B3A /* Debug */ = {
			isa = XCBuildConfiguration;
			buildSettings = {
				CODE_SIGN_STYLE = Automatic;
				CURRENT_PROJECT_VERSION = 1;
				GENERATE_INFOPLIST_FILE = YES;
				MARKETING_VERSION = 1.0;
				PRODUCT_BUNDLE_IDENTIFIER = io.grimso.BegleiterUITests;
				PRODUCT_NAME = "$(TARGET_NAME)";
				STRING_CATALOG_GENERATE_SYMBOLS = NO;
				SWIFT_APPROACHABLE_CONCURRENCY = YES;
				SWIFT_EMIT_LOC_STRINGS = NO;
				SWIFT_UPCOMING_FEATURE_MEMBER_IMPORT_VISIBILITY = YES;
				SWIFT_VERSION = 5.0;
				TARGETED_DEVICE_FAMILY = "1,2";
				TEST_TARGET_NAME = Begleiter;
			};
			name = Debug;
		};
		F40B9EFA2FB1BCB600FA6B3A /* Release */ = {
			isa = XCBuildConfiguration;
			buildSettings = {
				CODE_SIGN_STYLE = Automatic;
				CURRENT_PROJECT_VERSION = 1;
				GENERATE_INFOPLIST_FILE = YES;
				MARKETING_VERSION = 1.0;
				PRODUCT_BUNDLE_IDENTIFIER = io.grimso.BegleiterUITests;
				PRODUCT_NAME = "$(TARGET_NAME)";
				STRING_CATALOG_GENERATE_SYMBOLS = NO;
				SWIFT_APPROACHABLE_CONCURRENCY = YES;
				SWIFT_EMIT_LOC_STRINGS = NO;
				SWIFT_UPCOMING_FEATURE_MEMBER_IMPORT_VISIBILITY = YES;
				SWIFT_VERSION = 5.0;
				TARGETED_DEVICE_FAMILY = "1,2";
				TEST_TARGET_NAME = Begleiter;
			};
			name = Release;
		};
/* End XCBuildConfiguration section */

/* Begin XCConfigurationList section */
		F40B9ECA2FB1BCB500FA6B3A /* Build configuration list for PBXProject "Begleiter" */ = {
			isa = XCConfigurationList;
			buildConfigurations = (
				F40B9EF02FB1BCB600FA6B3A /* Debug */,
				F40B9EF12FB1BCB600FA6B3A /* Release */,
			);
			defaultConfigurationIsVisible = 0;
			defaultConfigurationName = Release;
		};
		F40B9EF22FB1BCB600FA6B3A /* Build configuration list for PBXNativeTarget "Begleiter" */ = {
			isa = XCConfigurationList;
			buildConfigurations = (
				F40B9EF32FB1BCB600FA6B3A /* Debug */,
				F40B9EF42FB1BCB600FA6B3A /* Release */,
			);
			defaultConfigurationIsVisible = 0;
			defaultConfigurationName = Release;
		};
		F40B9EF52FB1BCB600FA6B3A /* Build configuration list for PBXNativeTarget "BegleiterTests" */ = {
			isa = XCConfigurationList;
			buildConfigurations = (
				F40B9EF62FB1BCB600FA6B3A /* Debug */,
				F40B9EF72FB1BCB600FA6B3A /* Release */,
			);
			defaultConfigurationIsVisible = 0;
			defaultConfigurationName = Release;
		};
		F40B9EF82FB1BCB600FA6B3A /* Build configuration list for PBXNativeTarget "BegleiterUITests" */ = {
			isa = XCConfigurationList;
			buildConfigurations = (
				F40B9EF92FB1BCB600FA6B3A /* Debug */,
				F40B9EFA2FB1BCB600FA6B3A /* Release */,
			);
			defaultConfigurationIsVisible = 0;
			defaultConfigurationName = Release;
		};
/* End XCConfigurationList section */

/* Begin XCRemoteSwiftPackageReference section */
		F40B9F562FB1C94B00FA6B3A /* XCRemoteSwiftPackageReference "WhisperKit" */ = {
			isa = XCRemoteSwiftPackageReference;
			repositoryURL = "https://github.com/argmaxinc/WhisperKit";
			requirement = {
				kind = upToNextMajorVersion;
				minimumVersion = 1.0.0;
			};
		};
		F40B9F592FB1DC4E00FA6B3A /* XCRemoteSwiftPackageReference "mlx-swift-lm" */ = {
			isa = XCRemoteSwiftPackageReference;
			repositoryURL = "https://github.com/ml-explore/mlx-swift-lm";
			requirement = {
				kind = upToNextMajorVersion;
				minimumVersion = 3.31.3;
			};
		};
		F40B9F612FB1DE5500FA6B3A /* XCRemoteSwiftPackageReference "swift-huggingface" */ = {
			isa = XCRemoteSwiftPackageReference;
			repositoryURL = "https://github.com/huggingface/swift-huggingface";
			requirement = {
				kind = upToNextMajorVersion;
				minimumVersion = 0.9.0;
			};
		};
		F40B9F642FB1DE8A00FA6B3A /* XCRemoteSwiftPackageReference "swift-transformers" */ = {
			isa = XCRemoteSwiftPackageReference;
			repositoryURL = "https://github.com/huggingface/swift-transformers";
			requirement = {
				kind = upToNextMajorVersion;
				minimumVersion = 1.3.2;
			};
		};
/* End XCRemoteSwiftPackageReference section */

/* Begin XCSwiftPackageProductDependency section */
		F40B9F572FB1C94B00FA6B3A /* WhisperKit */ = {
			isa = XCSwiftPackageProductDependency;
			package = F40B9F562FB1C94B00FA6B3A /* XCRemoteSwiftPackageReference "WhisperKit" */;
			productName = WhisperKit;
		};
		F40B9F5A2FB1DC4E00FA6B3A /* MLXLLM */ = {
			isa = XCSwiftPackageProductDependency;
			package = F40B9F592FB1DC4E00FA6B3A /* XCRemoteSwiftPackageReference "mlx-swift-lm" */;
			productName = MLXLLM;
		};
		F40B9F5C2FB1DC4E00FA6B3A /* MLXLMCommon */ = {
			isa = XCSwiftPackageProductDependency;
			package = F40B9F592FB1DC4E00FA6B3A /* XCRemoteSwiftPackageReference "mlx-swift-lm" */;
			productName = MLXLMCommon;
		};
		F40B9F5F2FB1DE2100FA6B3A /* MLXHuggingFace */ = {
			isa = XCSwiftPackageProductDependency;
			package = F40B9F592FB1DC4E00FA6B3A /* XCRemoteSwiftPackageReference "mlx-swift-lm" */;
			productName = MLXHuggingFace;
		};
		F40B9F622FB1DE5500FA6B3A /* HuggingFace */ = {
			isa = XCSwiftPackageProductDependency;
			package = F40B9F612FB1DE5500FA6B3A /* XCRemoteSwiftPackageReference "swift-huggingface" */;
			productName = HuggingFace;
		};
		F40B9F652FB1DE8A00FA6B3A /* Tokenizers */ = {
			isa = XCSwiftPackageProductDependency;
			package = F40B9F642FB1DE8A00FA6B3A /* XCRemoteSwiftPackageReference "swift-transformers" */;
			productName = Tokenizers;
		};
		F40B9F702FB1DC4E00FA6B3A /* MLXEmbedders */ = {
			isa = XCSwiftPackageProductDependency;
			package = F40B9F592FB1DC4E00FA6B3A /* XCRemoteSwiftPackageReference "mlx-swift-lm" */;
			productName = MLXEmbedders;
		};
		F40B9F732FB1DC4E00FA6B3A /* MLXVLM */ = {
			isa = XCSwiftPackageProductDependency;
			package = F40B9F592FB1DC4E00FA6B3A /* XCRemoteSwiftPackageReference "mlx-swift-lm" */;
			productName = MLXVLM;
		};
		F40B9F752FB1DC4E00FA6B3A /* MLXLMCommon (Tests) */ = {
			isa = XCSwiftPackageProductDependency;
			package = F40B9F592FB1DC4E00FA6B3A /* XCRemoteSwiftPackageReference "mlx-swift-lm" */;
			productName = MLXLMCommon;
		};
/* End XCSwiftPackageProductDependency section */
	};
	rootObject = F40B9EC72FB1BCB500FA6B3A /* Project object */;
}
